
Microsoft Visual Studio Solution File, Format Version 12.00
# Visual Studio 15
VisualStudioVersion = 15.0.28010.2026
MinimumVisualStudioVersion = 10.0.40219.1
Project("{FAE04EC0-301F-11D3-BF4B-00C04F79EFBC}") = "New_Lab_2", "New_Lab_2\New_Lab_2.csproj", "{413391F3-8F81-4492-8167-DFB89F0528D1}"
EndProject
Global
	GlobalSection(SolutionConfigurationPlatforms) = preSolution
		Debug|Any CPU = Debug|Any CPU
		Release|Any CPU = Release|Any CPU
	EndGlobalSection
	GlobalSection(ProjectConfigurationPlatforms) = postSolution
		{413391F3-8F81-4492-8167-DFB89F0528D1}.Debug|Any CPU.ActiveCfg = Debug|Any CPU
		{413391F3-8F81-4492-8167-DFB89F0528D1}.Debug|Any CPU.Build.0 = Debug|Any CPU
		{413391F3-8F81-4492-8167-DFB89F0528D1}.Release|Any CPU.ActiveCfg = Release|Any CPU
		{413391F3-8F81-4492-8167-DFB89F0528D1}.Release|Any CPU.Build.0 = Release|Any CPU
	EndGlobalSection
	GlobalSection(SolutionProperties) = preSolution
		HideSolutionNode = FALSE
	EndGlobalSection
	GlobalSection(ExtensibilityGlobals) = postSolution
		SolutionGuid = {80294D92-8B93-4014-9F33-5EEC80DE19CE}
	EndGlobalSection
EndGlobal
